
Microsoft Visual Studio Solution File, Format Version 12.00
# Visual Studio Version 16
VisualStudioVersion = 16.0.31613.86
MinimumVisualStudioVersion = 10.0.40219.1
Project("{FAE04EC0-301F-11D3-BF4B-00C04F79EFBC}") = "RTC-LoggerServer", "RTC-LoggerServer.csproj", "{9A07ABEA-6A40-4684-B2B2-8CDF938FD3A0}"
EndProject
Global
	GlobalSection(SolutionConfigurationPlatforms) = preSolution
		Debug|Any CPU = Debug|Any CPU
		Release|Any CPU = Release|Any CPU
	EndGlobalSection
	GlobalSection(ProjectConfigurationPlatforms) = postSolution
		{9A07ABEA-6A40-4684-B2B2-8CDF938FD3A0}.Debug|Any CPU.ActiveCfg = Debug|Any CPU
		{9A07ABEA-6A40-4684-B2B2-8CDF938FD3A0}.Debug|Any CPU.Build.0 = Debug|Any CPU
		{9A07ABEA-6A40-4684-B2B2-8CDF938FD3A0}.Release|Any CPU.ActiveCfg = Release|Any CPU
		{9A07ABEA-6A40-4684-B2B2-8CDF938FD3A0}.Release|Any CPU.Build.0 = Release|Any CPU
	EndGlobalSection
	GlobalSection(SolutionProperties) = preSolution
		HideSolutionNode = FALSE
	EndGlobalSection
	GlobalSection(ExtensibilityGlobals) = postSolution
		SolutionGuid = {9A16BD43-44D7-461E-AC72-BE5CE9CFE611}
	EndGlobalSection
EndGlobal
